
Microsoft Visual Studio Solution File, Format Version 12.00
# Visual Studio Version 17
VisualStudioVersion = 17.9.34723.18
MinimumVisualStudioVersion = 10.0.40219.1
Project("{FAE04EC0-301F-11D3-BF4B-00C04F79EFBC}") = "FluentVlidationMVC", "FluentVlidationMVC\FluentVlidationMVC.csproj", "{EFA56551-C71D-4AF6-B1C2-9DE6FC178EE3}"
EndProject
Global
	GlobalSection(SolutionConfigurationPlatforms) = preSolution
		Debug|Any CPU = Debug|Any CPU
		Release|Any CPU = Release|Any CPU
	EndGlobalSection
	GlobalSection(ProjectConfigurationPlatforms) = postSolution
		{EFA56551-C71D-4AF6-B1C2-9DE6FC178EE3}.Debug|Any CPU.ActiveCfg = Debug|Any CPU
		{EFA56551-C71D-4AF6-B1C2-9DE6FC178EE3}.Debug|Any CPU.Build.0 = Debug|Any CPU
		{EFA56551-C71D-4AF6-B1C2-9DE6FC178EE3}.Release|Any CPU.ActiveCfg = Release|Any CPU
		{EFA56551-C71D-4AF6-B1C2-9DE6FC178EE3}.Release|Any CPU.Build.0 = Release|Any CPU
	EndGlobalSection
	GlobalSection(SolutionProperties) = preSolution
		HideSolutionNode = FALSE
	EndGlobalSection
	GlobalSection(ExtensibilityGlobals) = postSolution
		SolutionGuid = {211661F1-FE1B-4355-A00D-88AD7FA6A17C}
	EndGlobalSection
EndGlobal
